<Project xmlns="http://schemas.microsoft.com/developer/msbuild/2003">
    <PropertyGroup>
        <ProjectGuid>{442F513E-AD3E-4412-AFFB-42C057BFF588}</ProjectGuid>
        <MainSource>CaimanNFCe.dpr</MainSource>
        <Base>True</Base>
        <Config Condition="'$(Config)'==''">Debug</Config>
        <AppType>Application</AppType>
        <FrameworkType>VCL</FrameworkType>
        <DCC_DCCCompiler>DCC32</DCC_DCCCompiler>
        <ProjectVersion>18.1</ProjectVersion>
        <TargetedPlatforms>1</TargetedPlatforms>
        <Platform Condition="'$(Platform)'==''">Win32</Platform>
    </PropertyGroup>
    <PropertyGroup Condition="'$(Config)'=='Base' or '$(Base)'!=''">
        <Base>true</Base>
    </PropertyGroup>
    <PropertyGroup Condition="('$(Platform)'=='Win32' and '$(Base)'=='true') or '$(Base_Win32)'!=''">
        <Base_Win32>true</Base_Win32>
        <CfgParent>Base</CfgParent>
        <Base>true</Base>
    </PropertyGroup>
    <PropertyGroup Condition="('$(Platform)'=='Win64' and '$(Base)'=='true') or '$(Base_Win64)'!=''">
        <Base_Win64>true</Base_Win64>
        <CfgParent>Base</CfgParent>
        <Base>true</Base>
    </PropertyGroup>
    <PropertyGroup Condition="'$(Config)'=='Release' or '$(Cfg_1)'!=''">
        <Cfg_1>true</Cfg_1>
        <CfgParent>Base</CfgParent>
        <Base>true</Base>
    </PropertyGroup>
    <PropertyGroup Condition="('$(Platform)'=='Win32' and '$(Cfg_1)'=='true') or '$(Cfg_1_Win32)'!=''">
        <Cfg_1_Win32>true</Cfg_1_Win32>
        <CfgParent>Cfg_1</CfgParent>
        <Cfg_1>true</Cfg_1>
        <Base>true</Base>
    </PropertyGroup>
    <PropertyGroup Condition="'$(Config)'=='Debug' or '$(Cfg_2)'!=''">
        <Cfg_2>true</Cfg_2>
        <CfgParent>Base</CfgParent>
        <Base>true</Base>
    </PropertyGroup>
    <PropertyGroup Condition="('$(Platform)'=='Win32' and '$(Cfg_2)'=='true') or '$(Cfg_2_Win32)'!=''">
        <Cfg_2_Win32>true</Cfg_2_Win32>
        <CfgParent>Cfg_2</CfgParent>
        <Cfg_2>true</Cfg_2>
        <Base>true</Base>
    </PropertyGroup>
    <PropertyGroup Condition="'$(Base)'!=''">
        <DCC_DcuOutput>.\$(Platform)\$(Config)</DCC_DcuOutput>
        <DCC_ExeOutput>C:\CaimanERP</DCC_ExeOutput>
        <VerInfo_IncludeVerInfo>true</VerInfo_IncludeVerInfo>
        <VerInfo_Keys>CompanyName=Caiman NFCe;FileDescription=Caiman NFCe;FileVersion=1.0.0.0;InternalName=Caiman NFCe;LegalCopyright=Caiman NFCe;LegalTrademarks=Caiman NFCe;OriginalFilename=Caiman NFCe;ProductName=Caiman NFCe;ProductVersion=1.0.0.0;Comments=Caiman NFCe</VerInfo_Keys>
        <SanitizedProjectName>CaimanNFCe</SanitizedProjectName>
        <DCC_Namespace>Vcl;Vcl.Imaging;Vcl.Touch;Vcl.Samples;Vcl.Shell;System;Xml;Data;Datasnap;Web;Soap;Winapi;$(DCC_Namespace)</DCC_Namespace>
        <VerInfo_Locale>1046</VerInfo_Locale>
        <DCC_F>false</DCC_F>
        <DCC_K>false</DCC_K>
        <DCC_ImageBase>00400000</DCC_ImageBase>
        <DCC_N>false</DCC_N>
        <DCC_E>false</DCC_E>
        <DCC_S>false</DCC_S>
    </PropertyGroup>
    <PropertyGroup Condition="'$(Base_Win32)'!=''">
        <DCC_ExeOutput>C:\CaimanERP\</DCC_ExeOutput>
        <Icon_MainIcon>Caiman_Icon.ico</Icon_MainIcon>
        <AppEnableRuntimeThemes>true</AppEnableRuntimeThemes>
        <Manifest_File>$(BDS)\bin\default_app.manifest</Manifest_File>
        <DCC_Namespace>System.Win;Data.Win;Datasnap.Win;Web.Win;Soap.Win;Xml.Win;Bde;$(DCC_Namespace)</DCC_Namespace>
        <VerInfo_Locale>1033</VerInfo_Locale>
    </PropertyGroup>
    <PropertyGroup Condition="'$(Base_Win64)'!=''">
        <AppEnableRuntimeThemes>true</AppEnableRuntimeThemes>
        <Icon_MainIcon>SLNFCe_Icon1.ico</Icon_MainIcon>
        <Manifest_File>$(BDS)\bin\default_app.manifest</Manifest_File>
    </PropertyGroup>
    <PropertyGroup Condition="'$(Cfg_1)'!=''">
        <DCC_Define>RELEASE;$(DCC_Define)</DCC_Define>
        <DCC_SymbolReferenceInfo>0</DCC_SymbolReferenceInfo>
        <DCC_LocalDebugSymbols>false</DCC_LocalDebugSymbols>
        <DCC_DebugInformation>0</DCC_DebugInformation>
    </PropertyGroup>
    <PropertyGroup Condition="'$(Cfg_1_Win32)'!=''">
        <AppEnableRuntimeThemes>true</AppEnableRuntimeThemes>
        <VerInfo_Locale>1033</VerInfo_Locale>
    </PropertyGroup>
    <PropertyGroup Condition="'$(Cfg_2)'!=''">
        <DCC_Define>DEBUG;$(DCC_Define)</DCC_Define>
        <DCC_ExeOutput>C:\SLNFCe\</DCC_ExeOutput>
        <DCC_Optimize>false</DCC_Optimize>
        <DCC_GenerateStackFrames>true</DCC_GenerateStackFrames>
    </PropertyGroup>
    <PropertyGroup Condition="'$(Cfg_2_Win32)'!=''">
        <Icon_MainIcon>CaimanNFCe_Icon.ico</Icon_MainIcon>
        <DCC_ExeOutput>C:\CaimanERP\</DCC_ExeOutput>
        <AppEnableRuntimeThemes>true</AppEnableRuntimeThemes>
        <DCC_UnitSearchPath>C:\Program Files (x86)\Embarcadero\Studio\18.0\source\data\firedac\;$(DCC_UnitSearchPath)</DCC_UnitSearchPath>
        <VerInfo_Locale>1033</VerInfo_Locale>
    </PropertyGroup>
    <ItemGroup>
        <DelphiCompile Include="$(MainSource)">
            <MainSource>MainSource</MainSource>
        </DelphiCompile>
        <DCCReference Include="UPadraoPafEcf.pas">
            <Form>FrmPadraoPafECf</Form>
        </DCCReference>
        <DCCReference Include="UDM.pas">
            <Form>DM</Form>
            <DesignClass>TDataModule</DesignClass>
        </DCCReference>
        <DCCReference Include="USenha.pas">
            <Form>FrmSenha</Form>
        </DCCReference>
        <DCCReference Include="ULMFRed.pas">
            <Form>FrmLMFRed</Form>
        </DCCReference>
        <DCCReference Include="ULMFData.pas">
            <Form>FrmLMFData</Form>
        </DCCReference>
        <DCCReference Include="UAberturaCaixa.pas">
            <Form>FrmAberturaCaixa</Form>
        </DCCReference>
        <DCCReference Include="UFechamento.pas">
            <Form>FrmFechamento</Form>
        </DCCReference>
        <DCCReference Include="UEntradaValores.pas">
            <Form>FrmEntradaValores</Form>
        </DCCReference>
        <DCCReference Include="UVendasCaixa.pas">
            <Form>FrmVendasCaixa</Form>
        </DCCReference>
        <DCCReference Include="UConsProd.pas">
            <Form>FrmConsProd</Form>
        </DCCReference>
        <DCCReference Include="UCancelaItem.pas">
            <Form>FrmCancelaItem</Form>
        </DCCReference>
        <DCCReference Include="UFechaVenda.pas">
            <Form>FrmFechaVenda</Form>
        </DCCReference>
        <DCCReference Include="UDadosCliente.pas">
            <Form>FrmDadosCliente</Form>
        </DCCReference>
        <DCCReference Include="UConsCli.pas">
            <Form>FrmConsCli</Form>
        </DCCReference>
        <DCCReference Include="UAlteraParcela.pas">
            <Form>FrmAlteraParcela</Form>
        </DCCReference>
        <DCCReference Include="ULancCheques.pas">
            <Form>FrmLancCheques</Form>
        </DCCReference>
        <DCCReference Include="UConsBanco.pas">
            <Form>FrmConsBanco</Form>
        </DCCReference>
        <DCCReference Include="UDadosClienteECF.pas">
            <Form>FrmDadosClienteECF</Form>
        </DCCReference>
        <DCCReference Include="USenhaExcVenda.pas">
            <Form>FrmSenhaExcVenda</Form>
        </DCCReference>
        <DCCReference Include="UConsProdCodBarra.pas">
            <Form>FrmConsProdCodBarra</Form>
        </DCCReference>
        <DCCReference Include="UsenhaLiberarVenda.pas">
            <Form>FrmSenhaLiberaVenda</Form>
        </DCCReference>
        <DCCReference Include="UDadosAdm.pas">
            <Form>FrmDadosAdm</Form>
        </DCCReference>
        <DCCReference Include="UConsAdmCartaoCredito.pas">
            <Form>FrmConsAdmCartaoCredito</Form>
        </DCCReference>
        <DCCReference Include="UProdutoNaoCadastrado.pas">
            <Form>FrmProdutoNaoCadastrado</Form>
        </DCCReference>
        <DCCReference Include="UConsVendasCaixa.pas">
            <Form>FrmConsVendasCaixa</Form>
        </DCCReference>
        <DCCReference Include="UConsCheque.pas">
            <Form>FrmConsCheque</Form>
        </DCCReference>
        <DCCReference Include="UDadosCheque.pas">
            <Form>FrmDadosCheque</Form>
        </DCCReference>
        <DCCReference Include="UDadosCadCliente.pas">
            <Form>FrmDadosCadCliente</Form>
        </DCCReference>
        <DCCReference Include="UAlterarSenha.pas">
            <Form>FrmAlterarSenha</Form>
        </DCCReference>
        <DCCReference Include="UHorarioVerao.pas">
            <Form>FrmHorarioVerao</Form>
        </DCCReference>
        <DCCReference Include="UAliquota.pas">
            <Form>FrmAliquota</Form>
        </DCCReference>
        <DCCReference Include="UTotalProdutos.pas">
            <Form>FrmTotalProdutos</Form>
        </DCCReference>
        <DCCReference Include="UMenuFiscal.pas">
            <Form>FrmMenuFiscal</Form>
        </DCCReference>
        <DCCReference Include="ULMF.pas">
            <Form>FrmLMF</Form>
        </DCCReference>
        <DCCReference Include="UPafEcfTabelaProduto.pas">
            <Form>FrmPafEcfTabelaProduto</Form>
        </DCCReference>
        <DCCReference Include="URegistrosPafEcf.pas">
            <Form>frmRegistrosDoPafEcf</Form>
        </DCCReference>
        <DCCReference Include="Units\Ubibli1.pas"/>
        <DCCReference Include="Units\UECF.pas"/>
        <DCCReference Include="Units\UConsNovo.pas">
            <Form>FrmConsNovo</Form>
        </DCCReference>
        <DCCReference Include="Units\UCadNovo.pas">
            <Form>FrmCadastroNovo</Form>
        </DCCReference>
        <DCCReference Include="Units\UDaruma.pas"/>
        <DCCReference Include="Units\UBematech.pas"/>
        <DCCReference Include="USelEmp.pas">
            <Form>FrmSelEmp</Form>
        </DCCReference>
        <DCCReference Include="UPreVenda.pas">
            <Form>FrmPreVenda</Form>
        </DCCReference>
        <DCCReference Include="USitCli.pas">
            <Form>FrmSitCli</Form>
        </DCCReference>
        <DCCReference Include="UConsVend.pas">
            <Form>FrmConsVend</Form>
        </DCCReference>
        <DCCReference Include="UConsTipoVenda.pas">
            <Form>FrmConsTipoVenda</Form>
        </DCCReference>
        <DCCReference Include="UFechaPreVenda.pas">
            <Form>FrmFechaPreVenda</Form>
        </DCCReference>
        <DCCReference Include="UMesas.pas">
            <Form>FrmMesas</Form>
        </DCCReference>
        <DCCReference Include="UConsMesasAbertas.pas">
            <Form>FrmConsMesasAbertas</Form>
        </DCCReference>
        <DCCReference Include="UTransfMesa.pas">
            <Form>FrmTransfMesa</Form>
        </DCCReference>
        <DCCReference Include="UConsPreVenda.pas">
            <Form>FrmConsPreVenda</Form>
        </DCCReference>
        <DCCReference Include="UDavOrcamento.pas">
            <Form>FrmDavOrcamento</Form>
        </DCCReference>
        <DCCReference Include="URelDavOrcamento.pas">
            <Form>FrmRelDavOrcamento</Form>
        </DCCReference>
        <DCCReference Include="UFechaVendaPED.pas">
            <Form>FrmFechaVendaPED</Form>
        </DCCReference>
        <DCCReference Include="UConsVendasPED.pas">
            <Form>FrmConsVendasPED</Form>
        </DCCReference>
        <DCCReference Include="UFormasPagamento.pas">
            <Form>FrmFormasPagamento</Form>
        </DCCReference>
        <DCCReference Include="UEspelhoMFD.pas">
            <Form>FrmEspelhoMFD</Form>
        </DCCReference>
        <DCCReference Include="Units\UBemaMFD.pas"/>
        <DCCReference Include="UConsOrcamento.pas">
            <Form>FrmConsOrcamento</Form>
        </DCCReference>
        <DCCReference Include="UDavEmitidos.pas">
            <Form>FrmDavEmitidos</Form>
        </DCCReference>
        <DCCReference Include="UDavOrdemServico.pas">
            <Form>FrmDAVOrdemServico</Form>
        </DCCReference>
        <DCCReference Include="UConsMarcas.pas">
            <Form>FrmConsMarcas</Form>
        </DCCReference>
        <DCCReference Include="UConsModelos.pas">
            <Form>FrmConsModelos</Form>
        </DCCReference>
        <DCCReference Include="UConsOrdemServico.pas">
            <Form>FrmConsOrdemServico</Form>
        </DCCReference>
        <DCCReference Include="UProgramaRelGerencial.pas">
            <Form>FrmProgramaRelGerencial</Form>
        </DCCReference>
        <DCCReference Include="UMovimentoPorECF.pas">
            <Form>FrmMovimentoPorECF</Form>
        </DCCReference>
        <DCCReference Include="UVendasPeriodo.pas">
            <Form>FrmVendasPeriodo</Form>
        </DCCReference>
        <DCCReference Include="Units\Sintegra.pas"/>
        <DCCReference Include="UMeiosPagamento.pas">
            <Form>FrmMeiosPagamento</Form>
        </DCCReference>
        <DCCReference Include="UCancelaCupomFiscal.pas">
            <Form>FrmCancelaCupomFiscal</Form>
        </DCCReference>
        <DCCReference Include="UVendasPED.pas">
            <Form>FrmVendasPED</Form>
        </DCCReference>
        <DCCReference Include="USelVend.pas">
            <Form>frmSelVend</Form>
        </DCCReference>
        <DCCReference Include="UAtalhos.pas">
            <Form>frmAtalhos</Form>
        </DCCReference>
        <DCCReference Include="UElgin.pas"/>
        <DCCReference Include="UTEFDiscado.pas">
            <Form>frmTEFDiscado</Form>
        </DCCReference>
        <DCCReference Include="Unit5.pas">
            <Form>Form5</Form>
        </DCCReference>
        <DCCReference Include="Unit4.pas">
            <Form>Form4</Form>
        </DCCReference>
        <DCCReference Include="UCarrega.pas">
            <Form>frmCarrega</Form>
        </DCCReference>
        <DCCReference Include="UTroco.pas">
            <Form>frmTroco</Form>
        </DCCReference>
        <DCCReference Include="UFBalanca.pas">
            <Form>frmBalanca</Form>
        </DCCReference>
        <DCCReference Include="UDialog.pas">
            <Form>frmDialog</Form>
        </DCCReference>
        <DCCReference Include="uMenTEF.pas">
            <Form>frmMenTef</Form>
        </DCCReference>
        <DCCReference Include="UAtualizaEstoque.pas">
            <Form>frmAtualizaEstoque</Form>
        </DCCReference>
        <DCCReference Include="UMenuBalcao.pas">
            <Form>frmMenuBalcao</Form>
        </DCCReference>
        <DCCReference Include="Func.pas"/>
        <DCCReference Include="UPopUp.pas">
            <Form>Popup</Form>
        </DCCReference>
        <DCCReference Include="UImportaVenda.pas">
            <Form>frmImportaVenda</Form>
        </DCCReference>
        <DCCReference Include="URelUsuario.pas">
            <Form>frmRelUsuario</Form>
        </DCCReference>
        <DCCReference Include="URegistrosdoPaf.pas">
            <Form>dmRegistrosdoPaf</Form>
            <DesignClass>TDataModule</DesignClass>
        </DCCReference>
        <DCCReference Include="UStatusGerando.pas">
            <Form>frmStatusGerando</Form>
        </DCCReference>
        <DCCReference Include="UImei.pas">
            <Form>frmIMEI</Form>
        </DCCReference>
        <DCCReference Include="UNotaFiscalComcomitante.pas">
            <Form>frmNotaFiscalComcomitante</Form>
        </DCCReference>
        <DCCReference Include="UAdiantamentoMesas.pas">
            <Form>frmAdiantamentosMesa</Form>
        </DCCReference>
        <DCCReference Include="UDivide.pas">
            <Form>frmDivide</Form>
        </DCCReference>
        <DCCReference Include="UGrupoTeclas.pas">
            <Form>frmGrupoTeclas</Form>
        </DCCReference>
        <DCCReference Include="UQuantidadePreco.pas">
            <Form>frmQuantidadePreco</Form>
        </DCCReference>
        <DCCReference Include="UConfereCaixa.pas">
            <Form>frmConfereCaixa</Form>
        </DCCReference>
        <DCCReference Include="UVendeItens.pas">
            <Form>frmSelecionaItens</Form>
        </DCCReference>
        <DCCReference Include="UGerenciadorNFCe.pas">
            <Form>frmGerenciador</Form>
        </DCCReference>
        <DCCReference Include="UStatus.pas">
            <Form>frmStatus</Form>
        </DCCReference>
        <BuildConfiguration Include="Debug">
            <Key>Cfg_2</Key>
            <CfgParent>Base</CfgParent>
        </BuildConfiguration>
        <BuildConfiguration Include="Base">
            <Key>Base</Key>
        </BuildConfiguration>
        <BuildConfiguration Include="Release">
            <Key>Cfg_1</Key>
            <CfgParent>Base</CfgParent>
        </BuildConfiguration>
    </ItemGroup>
    <Import Condition="Exists('$(BDS)\Bin\CodeGear.Delphi.Targets')" Project="$(BDS)\Bin\CodeGear.Delphi.Targets"/>
    <Import Condition="Exists('$(APPDATA)\Embarcadero\$(BDSAPPDATABASEDIR)\$(PRODUCTVERSION)\UserTools.proj')" Project="$(APPDATA)\Embarcadero\$(BDSAPPDATABASEDIR)\$(PRODUCTVERSION)\UserTools.proj"/>
    <ProjectExtensions>
        <Borland.Personality>Delphi.Personality.12</Borland.Personality>
        <Borland.ProjectType>VCLApplication</Borland.ProjectType>
        <BorlandProject>
            <Delphi.Personality>
                <Source>
                    <Source Name="MainSource">CaimanNFCe.dpr</Source>
                </Source>
                <VersionInfo>
                    <VersionInfo Name="IncludeVerInfo">False</VersionInfo>
                    <VersionInfo Name="AutoIncBuild">False</VersionInfo>
                    <VersionInfo Name="MajorVer">1</VersionInfo>
                    <VersionInfo Name="MinorVer">0</VersionInfo>
                    <VersionInfo Name="Release">0</VersionInfo>
                    <VersionInfo Name="Build">0</VersionInfo>
                    <VersionInfo Name="Debug">False</VersionInfo>
                    <VersionInfo Name="PreRelease">False</VersionInfo>
                    <VersionInfo Name="Special">False</VersionInfo>
                    <VersionInfo Name="Private">False</VersionInfo>
                    <VersionInfo Name="DLL">False</VersionInfo>
                    <VersionInfo Name="Locale">1046</VersionInfo>
                    <VersionInfo Name="CodePage">1252</VersionInfo>
                </VersionInfo>
                <VersionInfoKeys>
                    <VersionInfoKeys Name="CompanyName"/>
                    <VersionInfoKeys Name="FileDescription"/>
                    <VersionInfoKeys Name="FileVersion">1.0.0.0</VersionInfoKeys>
                    <VersionInfoKeys Name="InternalName"/>
                    <VersionInfoKeys Name="LegalCopyright"/>
                    <VersionInfoKeys Name="LegalTrademarks"/>
                    <VersionInfoKeys Name="OriginalFilename"/>
                    <VersionInfoKeys Name="ProductName"/>
                    <VersionInfoKeys Name="ProductVersion">1.0.0.0</VersionInfoKeys>
                    <VersionInfoKeys Name="Comments"/>
                </VersionInfoKeys>
                <Excluded_Packages>
                    <Excluded_Packages Name="$(BDSBIN)\dcloffice2k240.bpl">Microsoft Office 2000 Sample Automation Server Wrapper Components</Excluded_Packages>
                    <Excluded_Packages Name="$(BDSBIN)\dclofficexp240.bpl">Microsoft Office XP Sample Automation Server Wrapper Components</Excluded_Packages>
                </Excluded_Packages>
            </Delphi.Personality>
            <Platforms>
                <Platform value="Win32">True</Platform>
                <Platform value="Win64">False</Platform>
            </Platforms>
            <Deployment Version="3">
                <DeployFile LocalName="C:\SLNFCe\CaimanNFCe.exe" Configuration="Debug" Class="ProjectOutput">
                    <Platform Name="Win32">
                        <RemoteName>CaimanNFCe.exe</RemoteName>
                        <Overwrite>true</Overwrite>
                    </Platform>
                </DeployFile>
                <DeployClass Name="ProjectiOSDeviceResourceRules"/>
                <DeployClass Name="ProjectOSXResource">
                    <Platform Name="OSX32">
                        <RemoteDir>Contents\Resources</RemoteDir>
                        <Operation>1</Operation>
                    </Platform>
                </DeployClass>
                <DeployClass Name="AndroidClassesDexFile">
                    <Platform Name="Android">
                        <RemoteDir>classes</RemoteDir>
                        <Operation>1</Operation>
                    </Platform>
                </DeployClass>
                <DeployClass Name="AdditionalDebugSymbols">
                    <Platform Name="Win32">
                        <RemoteDir>Contents\MacOS</RemoteDir>
                        <Operation>0</Operation>
                    </Platform>
                    <Platform Name="OSX32">
                        <Operation>1</Operation>
                    </Platform>
                </DeployClass>
                <DeployClass Name="iPad_Launch768">
                    <Platform Name="iOSSimulator">
                        <Operation>1</Operation>
                    </Platform>
                    <Platform Name="iOSDevice64">
                        <Operation>1</Operation>
                    </Platform>
                    <Platform Name="iOSDevice32">
                        <Operation>1</Operation>
                    </Platform>
                </DeployClass>
                <DeployClass Name="Android_LauncherIcon144">
                    <Platform Name="Android">
                        <RemoteDir>res\drawable-xxhdpi</RemoteDir>
                        <Operation>1</Operation>
                    </Platform>
                </DeployClass>
                <DeployClass Name="AndroidLibnativeMipsFile">
                    <Platform Name="Android">
                        <RemoteDir>library\lib\mips</RemoteDir>
                        <Operation>1</Operation>
                    </Platform>
                </DeployClass>
                <DeployClass Required="true" Name="ProjectOutput">
                    <Platform Name="iOSDevice64">
                        <Operation>1</Operation>
                    </Platform>
                    <Platform Name="iOSDevice32">
                        <Operation>1</Operation>
                    </Platform>
                    <Platform Name="Win32">
                        <Operation>0</Operation>
                    </Platform>
                    <Platform Name="Linux64">
                        <Operation>1</Operation>
                    </Platform>
                    <Platform Name="OSX32">
                        <Operation>1</Operation>
                    </Platform>
                    <Platform Name="Android">
                        <RemoteDir>library\lib\armeabi-v7a</RemoteDir>
                        <Operation>1</Operation>
                    </Platform>
                    <Platform Name="iOSSimulator">
                        <Operation>1</Operation>
                    </Platform>
                </DeployClass>
                <DeployClass Name="DependencyFramework">
                    <Platform Name="Win32">
                        <Operation>0</Operation>
                    </Platform>
                    <Platform Name="OSX32">
                        <Operation>1</Operation>
                        <Extensions>.framework</Extensions>
                    </Platform>
                </DeployClass>
                <DeployClass Name="iPhone_Launch640">
                    <Platform Name="iOSSimulator">
                        <Operation>1</Operation>
                    </Platform>
                    <Platform Name="iOSDevice64">
                        <Operation>1</Operation>
                    </Platform>
                    <Platform Name="iOSDevice32">
                        <Operation>1</Operation>
                    </Platform>
                </DeployClass>
                <DeployClass Name="iPad_Launch1024">
                    <Platform Name="iOSSimulator">
                        <Operation>1</Operation>
                    </Platform>
                    <Platform Name="iOSDevice64">
                        <Operation>1</Operation>
                    </Platform>
                    <Platform Name="iOSDevice32">
                        <Operation>1</Operation>
                    </Platform>
                </DeployClass>
                <DeployClass Name="ProjectiOSDeviceDebug">
                    <Platform Name="iOSDevice64">
                        <RemoteDir>..\$(PROJECTNAME).app.dSYM\Contents\Resources\DWARF</RemoteDir>
                        <Operation>1</Operation>
                    </Platform>
                    <Platform Name="iOSDevice32">
                        <RemoteDir>..\$(PROJECTNAME).app.dSYM\Contents\Resources\DWARF</RemoteDir>
                        <Operation>1</Operation>
                    </Platform>
                </DeployClass>
                <DeployClass Name="iPhone_Launch320">
                    <Platform Name="iOSSimulator">
                        <Operation>1</Operation>
                    </Platform>
                    <Platform Name="iOSDevice64">
                        <Operation>1</Operation>
                    </Platform>
                    <Platform Name="iOSDevice32">
                        <Operation>1</Operation>
                    </Platform>
                </DeployClass>
                <DeployClass Name="ProjectiOSInfoPList"/>
                <DeployClass Name="AndroidLibnativeArmeabiFile">
                    <Platform Name="Android">
                        <RemoteDir>library\lib\armeabi</RemoteDir>
                        <Operation>1</Operation>
                    </Platform>
                </DeployClass>
                <DeployClass Name="DebugSymbols">
                    <Platform Name="Win32">
                        <Operation>0</Operation>
                    </Platform>
                    <Platform Name="iOSSimulator">
                        <Operation>1</Operation>
                    </Platform>
                    <Platform Name="OSX32">
                        <Operation>1</Operation>
                    </Platform>
                </DeployClass>
                <DeployClass Name="iPad_Launch1536">
                    <Platform Name="iOSSimulator">
                        <Operation>1</Operation>
                    </Platform>
                    <Platform Name="iOSDevice64">
                        <Operation>1</Operation>
                    </Platform>
                    <Platform Name="iOSDevice32">
                        <Operation>1</Operation>
                    </Platform>
                </DeployClass>
                <DeployClass Name="Android_SplashImage470">
                    <Platform Name="Android">
                        <RemoteDir>res\drawable-normal</RemoteDir>
                        <Operation>1</Operation>
                    </Platform>
                </DeployClass>
                <DeployClass Name="Android_LauncherIcon96">
                    <Platform Name="Android">
                        <RemoteDir>res\drawable-xhdpi</RemoteDir>
                        <Operation>1</Operation>
                    </Platform>
                </DeployClass>
                <DeployClass Name="Android_SplashImage640">
                    <Platform Name="Android">
                        <RemoteDir>res\drawable-large</RemoteDir>
                        <Operation>1</Operation>
                    </Platform>
                </DeployClass>
                <DeployClass Name="iPhone_Launch640x1136">
                    <Platform Name="iOSSimulator">
                        <Operation>1</Operation>
                    </Platform>
                    <Platform Name="iOSDevice64">
                        <Operation>1</Operation>
                    </Platform>
                    <Platform Name="iOSDevice32">
                        <Operation>1</Operation>
                    </Platform>
                </DeployClass>
                <DeployClass Name="ProjectiOSEntitlements"/>
                <DeployClass Name="Android_LauncherIcon72">
                    <Platform Name="Android">
                        <RemoteDir>res\drawable-hdpi</RemoteDir>
                        <Operation>1</Operation>
                    </Platform>
                </DeployClass>
                <DeployClass Name="AndroidGDBServer">
                    <Platform Name="Android">
                        <RemoteDir>library\lib\armeabi-v7a</RemoteDir>
                        <Operation>1</Operation>
                    </Platform>
                </DeployClass>
                <DeployClass Name="ProjectOSXInfoPList"/>
                <DeployClass Name="ProjectOSXEntitlements"/>
                <DeployClass Name="iPad_Launch2048">
                    <Platform Name="iOSSimulator">
                        <Operation>1</Operation>
                    </Platform>
                    <Platform Name="iOSDevice64">
                        <Operation>1</Operation>
                    </Platform>
                    <Platform Name="iOSDevice32">
                        <Operation>1</Operation>
                    </Platform>
                </DeployClass>
                <DeployClass Name="AndroidSplashStyles">
                    <Platform Name="Android">
                        <RemoteDir>res\values</RemoteDir>
                        <Operation>1</Operation>
                    </Platform>
                </DeployClass>
                <DeployClass Name="Android_SplashImage426">
                    <Platform Name="Android">
                        <RemoteDir>res\drawable-small</RemoteDir>
                        <Operation>1</Operation>
                    </Platform>
                </DeployClass>
                <DeployClass Name="AndroidSplashImageDef">
                    <Platform Name="Android">
                        <RemoteDir>res\drawable</RemoteDir>
                        <Operation>1</Operation>
                    </Platform>
                </DeployClass>
                <DeployClass Name="ProjectiOSResource">
                    <Platform Name="iOSSimulator">
                        <Operation>1</Operation>
                    </Platform>
                    <Platform Name="iOSDevice64">
                        <Operation>1</Operation>
                    </Platform>
                    <Platform Name="iOSDevice32">
                        <Operation>1</Operation>
                    </Platform>
                </DeployClass>
                <DeployClass Name="ProjectAndroidManifest">
                    <Platform Name="Android">
                        <Operation>1</Operation>
                    </Platform>
                </DeployClass>
                <DeployClass Name="Android_DefaultAppIcon">
                    <Platform Name="Android">
                        <RemoteDir>res\drawable</RemoteDir>
                        <Operation>1</Operation>
                    </Platform>
                </DeployClass>
                <DeployClass Name="File">
                    <Platform Name="Win32">
                        <Operation>0</Operation>
                    </Platform>
                    <Platform Name="iOSDevice64">
                        <Operation>0</Operation>
                    </Platform>
                    <Platform Name="OSX32">
                        <Operation>0</Operation>
                    </Platform>
                    <Platform Name="iOSDevice32">
                        <Operation>0</Operation>
                    </Platform>
                    <Platform Name="Android">
                        <Operation>0</Operation>
                    </Platform>
                    <Platform Name="iOSSimulator">
                        <Operation>0</Operation>
                    </Platform>
                </DeployClass>
                <DeployClass Name="AndroidServiceOutput">
                    <Platform Name="Android">
                        <RemoteDir>library\lib\armeabi-v7a</RemoteDir>
                        <Operation>1</Operation>
                    </Platform>
                </DeployClass>
                <DeployClass Required="true" Name="DependencyPackage">
                    <Platform Name="Win32">
                        <Operation>0</Operation>
                        <Extensions>.bpl</Extensions>
                    </Platform>
                    <Platform Name="iOSDevice64">
                        <Operation>1</Operation>
                        <Extensions>.dylib</Extensions>
                    </Platform>
                    <Platform Name="OSX32">
                        <Operation>1</Operation>
                        <Extensions>.dylib</Extensions>
                    </Platform>
                    <Platform Name="iOSDevice32">
                        <Operation>1</Operation>
                        <Extensions>.dylib</Extensions>
                    </Platform>
                    <Platform Name="iOSSimulator">
                        <Operation>1</Operation>
                        <Extensions>.dylib</Extensions>
                    </Platform>
                </DeployClass>
                <DeployClass Name="Android_LauncherIcon48">
                    <Platform Name="Android">
                        <RemoteDir>res\drawable-mdpi</RemoteDir>
                        <Operation>1</Operation>
                    </Platform>
                </DeployClass>
                <DeployClass Name="Android_SplashImage960">
                    <Platform Name="Android">
                        <RemoteDir>res\drawable-xlarge</RemoteDir>
                        <Operation>1</Operation>
                    </Platform>
                </DeployClass>
                <DeployClass Name="Android_LauncherIcon36">
                    <Platform Name="Android">
                        <RemoteDir>res\drawable-ldpi</RemoteDir>
                        <Operation>1</Operation>
                    </Platform>
                </DeployClass>
                <DeployClass Name="DependencyModule">
                    <Platform Name="Win32">
                        <Operation>0</Operation>
                        <Extensions>.dll;.bpl</Extensions>
                    </Platform>
                    <Platform Name="OSX32">
                        <Operation>1</Operation>
                        <Extensions>.dylib</Extensions>
                    </Platform>
                </DeployClass>
                <ProjectRoot Platform="iOSDevice64" Name="$(PROJECTNAME).app"/>
                <ProjectRoot Platform="Win64" Name="$(PROJECTNAME)"/>
                <ProjectRoot Platform="iOSDevice32" Name="$(PROJECTNAME).app"/>
                <ProjectRoot Platform="Linux64" Name="$(PROJECTNAME)"/>
                <ProjectRoot Platform="Win32" Name="$(PROJECTNAME)"/>
                <ProjectRoot Platform="OSX32" Name="$(PROJECTNAME)"/>
                <ProjectRoot Platform="Android" Name="$(PROJECTNAME)"/>
                <ProjectRoot Platform="iOSSimulator" Name="$(PROJECTNAME).app"/>
            </Deployment>
        </BorlandProject>
        <ProjectFileVersion>12</ProjectFileVersion>
    </ProjectExtensions>
    <Import Project="$(MSBuildProjectName).deployproj" Condition="Exists('$(MSBuildProjectName).deployproj')"/>
</Project>
